
Microsoft Visual Studio Solution File, Format Version 12.00
# Visual Studio Version 16
VisualStudioVersion = 16.0.30114.105
MinimumVisualStudioVersion = 10.0.40219.1
Project("{FAE04EC0-301F-11D3-BF4B-00C04F79EFBC}") = "ExportNuGetStatistics", "ExportNuGetStatistics\ExportNuGetStatistics.csproj", "{03EE4E4E-51C6-4CC1-9BBA-4785A8A9570F}"
EndProject
Global
	GlobalSection(SolutionConfigurationPlatforms) = preSolution
		Debug|Any CPU = Debug|Any CPU
		Release|Any CPU = Release|Any CPU
	EndGlobalSection
	GlobalSection(ProjectConfigurationPlatforms) = postSolution
		{03EE4E4E-51C6-4CC1-9BBA-4785A8A9570F}.Debug|Any CPU.ActiveCfg = Debug|Any CPU
		{03EE4E4E-51C6-4CC1-9BBA-4785A8A9570F}.Debug|Any CPU.Build.0 = Debug|Any CPU
		{03EE4E4E-51C6-4CC1-9BBA-4785A8A9570F}.Release|Any CPU.ActiveCfg = Release|Any CPU
		{03EE4E4E-51C6-4CC1-9BBA-4785A8A9570F}.Release|Any CPU.Build.0 = Release|Any CPU
	EndGlobalSection
	GlobalSection(SolutionProperties) = preSolution
		HideSolutionNode = FALSE
	EndGlobalSection
	GlobalSection(ExtensibilityGlobals) = postSolution
		SolutionGuid = {827A23A7-BF9B-4A00-AA1A-7C7EB07A6613}
	EndGlobalSection
EndGlobal
