
Microsoft Visual Studio Solution File, Format Version 12.00
# Visual Studio Version 16
VisualStudioVersion = 16.0.30114.105
MinimumVisualStudioVersion = 10.0.40219.1
Project("{FAE04EC0-301F-11D3-BF4B-00C04F79EFBC}") = "ExportStackExchangeStatistics", "ExportStackExchangeStatistics\ExportStackExchangeStatistics.csproj", "{9F82F3A8-E369-40E3-9FF4-F612B36D063E}"
EndProject
Global
	GlobalSection(SolutionConfigurationPlatforms) = preSolution
		Debug|Any CPU = Debug|Any CPU
		Release|Any CPU = Release|Any CPU
	EndGlobalSection
	GlobalSection(ProjectConfigurationPlatforms) = postSolution
		{9F82F3A8-E369-40E3-9FF4-F612B36D063E}.Debug|Any CPU.ActiveCfg = Debug|Any CPU
		{9F82F3A8-E369-40E3-9FF4-F612B36D063E}.Debug|Any CPU.Build.0 = Debug|Any CPU
		{9F82F3A8-E369-40E3-9FF4-F612B36D063E}.Release|Any CPU.ActiveCfg = Release|Any CPU
		{9F82F3A8-E369-40E3-9FF4-F612B36D063E}.Release|Any CPU.Build.0 = Release|Any CPU
	EndGlobalSection
	GlobalSection(SolutionProperties) = preSolution
		HideSolutionNode = FALSE
	EndGlobalSection
	GlobalSection(ExtensibilityGlobals) = postSolution
		SolutionGuid = {84F7180F-B285-4DB3-95BA-88C3F1A779CE}
	EndGlobalSection
EndGlobal
