
Microsoft Visual Studio Solution File, Format Version 12.00
# Visual Studio Version 16
VisualStudioVersion = 16.0.31410.357
MinimumVisualStudioVersion = 10.0.40219.1
Project("{FAE04EC0-301F-11D3-BF4B-00C04F79EFBC}") = "DwmNetSelfContainedConsoleApp", "DwmNetSelfContainedConsoleApp\DwmNetSelfContainedConsoleApp.csproj", "{6B24C95C-84D8-434F-AFAA-A62B5C02343D}"
EndProject
Global
	GlobalSection(SolutionConfigurationPlatforms) = preSolution
		Debug|Any CPU = Debug|Any CPU
		Release|Any CPU = Release|Any CPU
	EndGlobalSection
	GlobalSection(ProjectConfigurationPlatforms) = postSolution
		{6B24C95C-84D8-434F-AFAA-A62B5C02343D}.Debug|Any CPU.ActiveCfg = Debug|Any CPU
		{6B24C95C-84D8-434F-AFAA-A62B5C02343D}.Debug|Any CPU.Build.0 = Debug|Any CPU
		{6B24C95C-84D8-434F-AFAA-A62B5C02343D}.Release|Any CPU.ActiveCfg = Release|Any CPU
		{6B24C95C-84D8-434F-AFAA-A62B5C02343D}.Release|Any CPU.Build.0 = Release|Any CPU
	EndGlobalSection
	GlobalSection(SolutionProperties) = preSolution
		HideSolutionNode = FALSE
	EndGlobalSection
	GlobalSection(ExtensibilityGlobals) = postSolution
		SolutionGuid = {2F8B4A73-8ED8-478E-8280-C4F4DDAFC039}
	EndGlobalSection
EndGlobal
