
Microsoft Visual Studio Solution File, Format Version 12.00
# Visual Studio Version 16
VisualStudioVersion = 16.0.30104.148
MinimumVisualStudioVersion = 10.0.40219.1
Project("{FAE04EC0-301F-11D3-BF4B-00C04F79EFBC}") = "ExportBenchmarksResults", "ExportBenchmarksResults\ExportBenchmarksResults.csproj", "{35DFA45C-51F4-4CB5-87F2-30D6BC6097B1}"
EndProject
Global
	GlobalSection(SolutionConfigurationPlatforms) = preSolution
		Debug|Any CPU = Debug|Any CPU
		Release|Any CPU = Release|Any CPU
	EndGlobalSection
	GlobalSection(ProjectConfigurationPlatforms) = postSolution
		{35DFA45C-51F4-4CB5-87F2-30D6BC6097B1}.Debug|Any CPU.ActiveCfg = Debug|Any CPU
		{35DFA45C-51F4-4CB5-87F2-30D6BC6097B1}.Debug|Any CPU.Build.0 = Debug|Any CPU
		{35DFA45C-51F4-4CB5-87F2-30D6BC6097B1}.Release|Any CPU.ActiveCfg = Release|Any CPU
		{35DFA45C-51F4-4CB5-87F2-30D6BC6097B1}.Release|Any CPU.Build.0 = Release|Any CPU
	EndGlobalSection
	GlobalSection(SolutionProperties) = preSolution
		HideSolutionNode = FALSE
	EndGlobalSection
	GlobalSection(ExtensibilityGlobals) = postSolution
		SolutionGuid = {EBB3FA7D-E656-49AE-AE16-1531C10460C4}
	EndGlobalSection
EndGlobal
