
Microsoft Visual Studio Solution File, Format Version 12.00
# Visual Studio Version 16
VisualStudioVersion = 16.0.30114.105
MinimumVisualStudioVersion = 10.0.40219.1
Project("{FAE04EC0-301F-11D3-BF4B-00C04F79EFBC}") = "ExportGitHubStatistics", "ExportGitHubStatistics\ExportGitHubStatistics.csproj", "{40A03E31-2080-456F-906D-DA6D54A8412A}"
EndProject
Global
	GlobalSection(SolutionConfigurationPlatforms) = preSolution
		Debug|Any CPU = Debug|Any CPU
		Release|Any CPU = Release|Any CPU
	EndGlobalSection
	GlobalSection(ProjectConfigurationPlatforms) = postSolution
		{40A03E31-2080-456F-906D-DA6D54A8412A}.Debug|Any CPU.ActiveCfg = Debug|Any CPU
		{40A03E31-2080-456F-906D-DA6D54A8412A}.Debug|Any CPU.Build.0 = Debug|Any CPU
		{40A03E31-2080-456F-906D-DA6D54A8412A}.Release|Any CPU.ActiveCfg = Release|Any CPU
		{40A03E31-2080-456F-906D-DA6D54A8412A}.Release|Any CPU.Build.0 = Release|Any CPU
	EndGlobalSection
	GlobalSection(SolutionProperties) = preSolution
		HideSolutionNode = FALSE
	EndGlobalSection
	GlobalSection(ExtensibilityGlobals) = postSolution
		SolutionGuid = {11959D98-D229-4F1B-9F91-9F58C9A22E96}
	EndGlobalSection
EndGlobal
