
Microsoft Visual Studio Solution File, Format Version 12.00
# Visual Studio Version 16
VisualStudioVersion = 16.0.31410.357
MinimumVisualStudioVersion = 10.0.40219.1
Project("{FAE04EC0-301F-11D3-BF4B-00C04F79EFBC}") = "DwmNetConsoleApp", "DwmNetConsoleApp\DwmNetConsoleApp.csproj", "{499BE3AD-4D4B-4482-9786-4B5D0DD8EE46}"
EndProject
Global
	GlobalSection(SolutionConfigurationPlatforms) = preSolution
		Debug|Any CPU = Debug|Any CPU
		Release|Any CPU = Release|Any CPU
	EndGlobalSection
	GlobalSection(ProjectConfigurationPlatforms) = postSolution
		{499BE3AD-4D4B-4482-9786-4B5D0DD8EE46}.Debug|Any CPU.ActiveCfg = Debug|Any CPU
		{499BE3AD-4D4B-4482-9786-4B5D0DD8EE46}.Debug|Any CPU.Build.0 = Debug|Any CPU
		{499BE3AD-4D4B-4482-9786-4B5D0DD8EE46}.Release|Any CPU.ActiveCfg = Release|Any CPU
		{499BE3AD-4D4B-4482-9786-4B5D0DD8EE46}.Release|Any CPU.Build.0 = Release|Any CPU
	EndGlobalSection
	GlobalSection(SolutionProperties) = preSolution
		HideSolutionNode = FALSE
	EndGlobalSection
	GlobalSection(ExtensibilityGlobals) = postSolution
		SolutionGuid = {2F113507-D460-4BD8-A2FA-0B4C8116B82C}
	EndGlobalSection
EndGlobal
